
Microsoft Visual Studio Solution File, Format Version 12.00
# Visual Studio Version 17
VisualStudioVersion = 17.8.34330.188
MinimumVisualStudioVersion = 10.0.40219.1
Project("{FAE04EC0-301F-11D3-BF4B-00C04F79EFBC}") = "Inventory Unit Two", "Inventory Unit Two\Inventory Unit Two.csproj", "{EBFD625C-3B41-4BB8-8A02-A768797E86B8}"
EndProject
Global
	GlobalSection(SolutionConfigurationPlatforms) = preSolution
		Debug|Any CPU = Debug|Any CPU
		Release|Any CPU = Release|Any CPU
	EndGlobalSection
	GlobalSection(ProjectConfigurationPlatforms) = postSolution
		{EBFD625C-3B41-4BB8-8A02-A768797E86B8}.Debug|Any CPU.ActiveCfg = Debug|Any CPU
		{EBFD625C-3B41-4BB8-8A02-A768797E86B8}.Debug|Any CPU.Build.0 = Debug|Any CPU
		{EBFD625C-3B41-4BB8-8A02-A768797E86B8}.Release|Any CPU.ActiveCfg = Release|Any CPU
		{EBFD625C-3B41-4BB8-8A02-A768797E86B8}.Release|Any CPU.Build.0 = Release|Any CPU
	EndGlobalSection
	GlobalSection(SolutionProperties) = preSolution
		HideSolutionNode = FALSE
	EndGlobalSection
	GlobalSection(ExtensibilityGlobals) = postSolution
		SolutionGuid = {0EEBCAA7-6D74-4BCB-B3CE-F4AE1C910260}
	EndGlobalSection
EndGlobal
